
Microsoft Visual Studio Solution File, Format Version 12.00
# Visual Studio Version 17
VisualStudioVersion = 17.14.36408.4
MinimumVisualStudioVersion = 10.0.40219.1
Project("{FAE04EC0-301F-11D3-BF4B-00C04F79EFBC}") = "The16Oracles.console", "The16Oracles.console\The16Oracles.console.csproj", "{C253C833-FC77-4A88-B501-445EAA1BDCBC}"
EndProject
Project("{FAE04EC0-301F-11D3-BF4B-00C04F79EFBC}") = "The16Oracles.domain", "The16Oracles.domain\The16Oracles.domain.csproj", "{5854CB1F-4C37-4D23-BA7F-942B084C3480}"
EndProject
Project("{FAE04EC0-301F-11D3-BF4B-00C04F79EFBC}") = "The16Oracles.DAOA", "The16Oracles.DAOA\The16Oracles.DAOA.csproj", "{9215D71E-C231-4739-859B-CFE0161D38F2}"
EndProject
Project("{FAE04EC0-301F-11D3-BF4B-00C04F79EFBC}") = "The16Oracles.domain.nunit", "The16Oracles.domain.nunit\The16Oracles.domain.nunit.csproj", "{E9ADF170-E033-A2FF-BC85-B880DBB209E1}"
EndProject
Project("{54A90642-561A-4BB1-A94E-469ADEE60C69}") = "the16oracles.www.client", "The16Oracles.www\the16oracles.www.client\the16oracles.www.client.esproj", "{28601810-904B-9330-BEF1-256A01493A29}"
EndProject
Project("{FAE04EC0-301F-11D3-BF4B-00C04F79EFBC}") = "The16Oracles.www.Server", "The16Oracles.www\The16Oracles.www.Server\The16Oracles.www.Server.csproj", "{A3A3DED1-E509-4C53-8786-ADBDD7602360}"
EndProject
Project("{FAE04EC0-301F-11D3-BF4B-00C04F79EFBC}") = "The16Oracles.DAOA.nunit", "The16Oracles.DAOA.nunit\The16Oracles.DAOA.nunit.csproj", "{3D529603-6B69-B85F-492A-99D63CDAA3A5}"
EndProject
Project("{FAE04EC0-301F-11D3-BF4B-00C04F79EFBC}") = "The16Oracles.www.Server.nunit", "The16Oracles.www.Server.nunit\The16Oracles.www.Server.nunit.csproj", "{1AF6E127-BF06-4489-A13D-82D643F5EF1C}"
EndProject
Global
	GlobalSection(SolutionConfigurationPlatforms) = preSolution
		Debug|Any CPU = Debug|Any CPU
		Release|Any CPU = Release|Any CPU
	EndGlobalSection
	GlobalSection(ProjectConfigurationPlatforms) = postSolution
		{C253C833-FC77-4A88-B501-445EAA1BDCBC}.Debug|Any CPU.ActiveCfg = Debug|Any CPU
		{C253C833-FC77-4A88-B501-445EAA1BDCBC}.Debug|Any CPU.Build.0 = Debug|Any CPU
		{C253C833-FC77-4A88-B501-445EAA1BDCBC}.Release|Any CPU.ActiveCfg = Release|Any CPU
		{C253C833-FC77-4A88-B501-445EAA1BDCBC}.Release|Any CPU.Build.0 = Release|Any CPU
		{5854CB1F-4C37-4D23-BA7F-942B084C3480}.Debug|Any CPU.ActiveCfg = Debug|Any CPU
		{5854CB1F-4C37-4D23-BA7F-942B084C3480}.Debug|Any CPU.Build.0 = Debug|Any CPU
		{5854CB1F-4C37-4D23-BA7F-942B084C3480}.Release|Any CPU.ActiveCfg = Release|Any CPU
		{5854CB1F-4C37-4D23-BA7F-942B084C3480}.Release|Any CPU.Build.0 = Release|Any CPU
		{9215D71E-C231-4739-859B-CFE0161D38F2}.Debug|Any CPU.ActiveCfg = Debug|Any CPU
		{9215D71E-C231-4739-859B-CFE0161D38F2}.Debug|Any CPU.Build.0 = Debug|Any CPU
		{9215D71E-C231-4739-859B-CFE0161D38F2}.Release|Any CPU.ActiveCfg = Release|Any CPU
		{9215D71E-C231-4739-859B-CFE0161D38F2}.Release|Any CPU.Build.0 = Release|Any CPU
		{E9ADF170-E033-A2FF-BC85-B880DBB209E1}.Debug|Any CPU.ActiveCfg = Debug|Any CPU
		{E9ADF170-E033-A2FF-BC85-B880DBB209E1}.Debug|Any CPU.Build.0 = Debug|Any CPU
		{E9ADF170-E033-A2FF-BC85-B880DBB209E1}.Release|Any CPU.ActiveCfg = Release|Any CPU
		{E9ADF170-E033-A2FF-BC85-B880DBB209E1}.Release|Any CPU.Build.0 = Release|Any CPU
		{28601810-904B-9330-BEF1-256A01493A29}.Debug|Any CPU.ActiveCfg = Debug|Any CPU
		{28601810-904B-9330-BEF1-256A01493A29}.Debug|Any CPU.Build.0 = Debug|Any CPU
		{28601810-904B-9330-BEF1-256A01493A29}.Debug|Any CPU.Deploy.0 = Debug|Any CPU
		{28601810-904B-9330-BEF1-256A01493A29}.Release|Any CPU.ActiveCfg = Release|Any CPU
		{28601810-904B-9330-BEF1-256A01493A29}.Release|Any CPU.Build.0 = Release|Any CPU
		{28601810-904B-9330-BEF1-256A01493A29}.Release|Any CPU.Deploy.0 = Release|Any CPU
		{A3A3DED1-E509-4C53-8786-ADBDD7602360}.Debug|Any CPU.ActiveCfg = Debug|Any CPU
		{A3A3DED1-E509-4C53-8786-ADBDD7602360}.Debug|Any CPU.Build.0 = Debug|Any CPU
		{A3A3DED1-E509-4C53-8786-ADBDD7602360}.Release|Any CPU.ActiveCfg = Release|Any CPU
		{A3A3DED1-E509-4C53-8786-ADBDD7602360}.Release|Any CPU.Build.0 = Release|Any CPU
		{3D529603-6B69-B85F-492A-99D63CDAA3A5}.Debug|Any CPU.ActiveCfg = Debug|Any CPU
		{3D529603-6B69-B85F-492A-99D63CDAA3A5}.Debug|Any CPU.Build.0 = Debug|Any CPU
		{3D529603-6B69-B85F-492A-99D63CDAA3A5}.Release|Any CPU.ActiveCfg = Release|Any CPU
		{3D529603-6B69-B85F-492A-99D63CDAA3A5}.Release|Any CPU.Build.0 = Release|Any CPU
		{1AF6E127-BF06-4489-A13D-82D643F5EF1C}.Debug|Any CPU.ActiveCfg = Debug|Any CPU
		{1AF6E127-BF06-4489-A13D-82D643F5EF1C}.Debug|Any CPU.Build.0 = Debug|Any CPU
		{1AF6E127-BF06-4489-A13D-82D643F5EF1C}.Release|Any CPU.ActiveCfg = Release|Any CPU
		{1AF6E127-BF06-4489-A13D-82D643F5EF1C}.Release|Any CPU.Build.0 = Release|Any CPU
	EndGlobalSection
	GlobalSection(SolutionProperties) = preSolution
		HideSolutionNode = FALSE
	EndGlobalSection
	GlobalSection(ExtensibilityGlobals) = postSolution
		SolutionGuid = {0C80C77B-D7A2-4676-898A-1B34831553D0}
	EndGlobalSection
EndGlobal
