
Microsoft Visual Studio Solution File, Format Version 12.00
# Visual Studio Version 17
VisualStudioVersion = 17.14.36408.4
MinimumVisualStudioVersion = 10.0.40219.1
Project("{FAE04EC0-301F-11D3-BF4B-00C04F79EFBC}") = "The16Oracles.console", "The16Oracles.console\The16Oracles.console.csproj", "{C253C833-FC77-4A88-B501-445EAA1BDCBC}"
EndProject
Project("{FAE04EC0-301F-11D3-BF4B-00C04F79EFBC}") = "The16Oracles.domain", "The16Oracles.domain\The16Oracles.domain.csproj", "{5854CB1F-4C37-4D23-BA7F-942B084C3480}"
EndProject
Global
	GlobalSection(SolutionConfigurationPlatforms) = preSolution
		Debug|Any CPU = Debug|Any CPU
		Release|Any CPU = Release|Any CPU
	EndGlobalSection
	GlobalSection(ProjectConfigurationPlatforms) = postSolution
		{C253C833-FC77-4A88-B501-445EAA1BDCBC}.Debug|Any CPU.ActiveCfg = Debug|Any CPU
		{C253C833-FC77-4A88-B501-445EAA1BDCBC}.Debug|Any CPU.Build.0 = Debug|Any CPU
		{C253C833-FC77-4A88-B501-445EAA1BDCBC}.Release|Any CPU.ActiveCfg = Release|Any CPU
		{C253C833-FC77-4A88-B501-445EAA1BDCBC}.Release|Any CPU.Build.0 = Release|Any CPU
		{5854CB1F-4C37-4D23-BA7F-942B084C3480}.Debug|Any CPU.ActiveCfg = Debug|Any CPU
		{5854CB1F-4C37-4D23-BA7F-942B084C3480}.Debug|Any CPU.Build.0 = Debug|Any CPU
		{5854CB1F-4C37-4D23-BA7F-942B084C3480}.Release|Any CPU.ActiveCfg = Release|Any CPU
		{5854CB1F-4C37-4D23-BA7F-942B084C3480}.Release|Any CPU.Build.0 = Release|Any CPU
	EndGlobalSection
	GlobalSection(SolutionProperties) = preSolution
		HideSolutionNode = FALSE
	EndGlobalSection
	GlobalSection(ExtensibilityGlobals) = postSolution
		SolutionGuid = {0C80C77B-D7A2-4676-898A-1B34831553D0}
	EndGlobalSection
EndGlobal
